// !$*UTF8*$!
{
	archiveVersion = 1;
	classes = {
	};
	objectVersion = 77;
	objects = {

/* Begin PBXBuildFile section */
		656C51E472EB689224D98614 /* HoneyHubUITests.swift in Sources */ = {isa = PBXBuildFile; fileRef = 7E02BB0AD9AE0EA4F453F4CE /* HoneyHubUITests.swift */; };
		85F2B0FB6665E6B59339A123 /* Foundation.framework in Frameworks */ = {isa = PBXBuildFile; fileRef = 4DA9BB33F8CA7C3E4F4FD9BC /* Foundation.framework */; };
		BE336F552F30B30400EE3FD7 /* GoogleSignIn in Frameworks */ = {isa = PBXBuildFile; productRef = BE336F542F30B30400EE3FD7 /* GoogleSignIn */; };
		BE336F572F30B30400EE3FD7 /* GoogleSignInSwift in Frameworks */ = {isa = PBXBuildFile; productRef = BE336F562F30B30400EE3FD7 /* GoogleSignInSwift */; };
		BEA4A7B32F30947A009038BE /* FirebaseAnalytics in Frameworks */ = {isa = PBXBuildFile; productRef = BEA4A7B22F30947A009038BE /* FirebaseAnalytics */; };
		BEA4A7B52F30947A009038BE /* FirebaseAnalyticsCore in Frameworks */ = {isa = PBXBuildFile; productRef = BEA4A7B42F30947A009038BE /* FirebaseAnalyticsCore */; };
		BEA4A7B72F30947A009038BE /* FirebaseAuth in Frameworks */ = {isa = PBXBuildFile; productRef = BEA4A7B62F30947A009038BE /* FirebaseAuth */; };
		BEA4A7B92F30947A009038BE /* FirebaseCrashlytics in Frameworks */ = {isa = PBXBuildFile; productRef = BEA4A7B82F30947A009038BE /* FirebaseCrashlytics */; };
		BEA4A7BB2F30947A009038BE /* FirebaseFirestore in Frameworks */ = {isa = PBXBuildFile; productRef = BEA4A7BA2F30947A009038BE /* FirebaseFirestore */; };
		BEF0F0F12F50000100123456 /* FirebaseMessaging in Frameworks */ = {isa = PBXBuildFile; productRef = BEF0F0F22F50000100123456 /* FirebaseMessaging */; };
		BEF0F0F32F50000200123456 /* FirebaseStorage in Frameworks */ = {isa = PBXBuildFile; productRef = BEF0F0F42F50000200123456 /* FirebaseStorage */; };
/* End PBXBuildFile section */

/* Begin PBXContainerItemProxy section */
		8F29F2E5C6A62A1DAD9C5B57 /* PBXContainerItemProxy */ = {
			isa = PBXContainerItemProxy;
			containerPortal = BEA4A78D2F3070D8009038BE /* Project object */;
			proxyType = 1;
			remoteGlobalIDString = BEA4A7942F3070D8009038BE;
			remoteInfo = HoneyHub;
		};
/* End PBXContainerItemProxy section */

/* Begin PBXFileReference section */
		4DA9BB33F8CA7C3E4F4FD9BC /* Foundation.framework */ = {isa = PBXFileReference; lastKnownFileType = wrapper.framework; name = Foundation.framework; path = Platforms/iPhoneOS.platform/Developer/SDKs/iPhoneOS18.0.sdk/System/Library/Frameworks/Foundation.framework; sourceTree = DEVELOPER_DIR; };
		6F90ED5D794402F5CA079713 /* HoneyHubUITests.xctest */ = {isa = PBXFileReference; explicitFileType = wrapper.cfbundle; includeInIndex = 0; path = HoneyHubUITests.xctest; sourceTree = BUILT_PRODUCTS_DIR; };
		7E02BB0AD9AE0EA4F453F4CE /* HoneyHubUITests.swift */ = {isa = PBXFileReference; includeInIndex = 1; lastKnownFileType = sourcecode.swift; name = HoneyHubUITests.swift; path = HoneyHubUITests/HoneyHubUITests.swift; sourceTree = "<group>"; };
		BEA4A7952F3070D8009038BE /* HoneyHub.app */ = {isa = PBXFileReference; explicitFileType = wrapper.application; includeInIndex = 0; path = HoneyHub.app; sourceTree = BUILT_PRODUCTS_DIR; };
/* End PBXFileReference section */

/* Begin PBXFileSystemSynchronizedRootGroup section */
		BEA4A7972F3070D8009038BE /* mushroomHunter */ = {
			isa = PBXFileSystemSynchronizedRootGroup;
			path = mushroomHunter;
			sourceTree = "<group>";
		};
/* End PBXFileSystemSynchronizedRootGroup section */

/* Begin PBXFrameworksBuildPhase section */
		1E8732C1229D131E11BF9CB6 /* Frameworks */ = {
			isa = PBXFrameworksBuildPhase;
			buildActionMask = 2147483647;
			files = (
				85F2B0FB6665E6B59339A123 /* Foundation.framework in Frameworks */,
			);
			runOnlyForDeploymentPostprocessing = 0;
		};
		BEA4A7922F3070D8009038BE /* Frameworks */ = {
			isa = PBXFrameworksBuildPhase;
			buildActionMask = 2147483647;
			files = (
				BEA4A7B32F30947A009038BE /* FirebaseAnalytics in Frameworks */,
				BEA4A7B92F30947A009038BE /* FirebaseCrashlytics in Frameworks */,
				BE336F572F30B30400EE3FD7 /* GoogleSignInSwift in Frameworks */,
				BEA4A7B72F30947A009038BE /* FirebaseAuth in Frameworks */,
				BEA4A7BB2F30947A009038BE /* FirebaseFirestore in Frameworks */,
				BEF0F0F32F50000200123456 /* FirebaseStorage in Frameworks */,
				BEA4A7B52F30947A009038BE /* FirebaseAnalyticsCore in Frameworks */,
				BEF0F0F12F50000100123456 /* FirebaseMessaging in Frameworks */,
				BE336F552F30B30400EE3FD7 /* GoogleSignIn in Frameworks */,
			);
			runOnlyForDeploymentPostprocessing = 0;
		};
/* End PBXFrameworksBuildPhase section */

/* Begin PBXGroup section */
		0D423C61E9954DD50D41BA1E /* Frameworks */ = {
			isa = PBXGroup;
			children = (
				2E8D03F579FBF1D435452525 /* iOS */,
			);
			name = Frameworks;
			sourceTree = "<group>";
		};
		134CA114C6E8BD6FB8B8C1D4 /* HoneyHubUITests */ = {
			isa = PBXGroup;
			children = (
				7E02BB0AD9AE0EA4F453F4CE /* HoneyHubUITests.swift */,
			);
			name = HoneyHubUITests;
			sourceTree = "<group>";
		};
		2E8D03F579FBF1D435452525 /* iOS */ = {
			isa = PBXGroup;
			children = (
				4DA9BB33F8CA7C3E4F4FD9BC /* Foundation.framework */,
			);
			name = iOS;
			sourceTree = "<group>";
		};
		BEA4A78C2F3070D8009038BE = {
			isa = PBXGroup;
			children = (
				BEA4A7972F3070D8009038BE /* mushroomHunter */,
				BEA4A7962F3070D8009038BE /* Products */,
				134CA114C6E8BD6FB8B8C1D4 /* HoneyHubUITests */,
				0D423C61E9954DD50D41BA1E /* Frameworks */,
			);
			sourceTree = "<group>";
		};
		BEA4A7962F3070D8009038BE /* Products */ = {
			isa = PBXGroup;
			children = (
				BEA4A7952F3070D8009038BE /* HoneyHub.app */,
				6F90ED5D794402F5CA079713 /* HoneyHubUITests.xctest */,
			);
			name = Products;
			sourceTree = "<group>";
		};
/* End PBXGroup section */

/* Begin PBXNativeTarget section */
		5CE82F07271DF55CA700A57E /* HoneyHubUITests */ = {
			isa = PBXNativeTarget;
			buildConfigurationList = 738F0242675CF71365F1D3CE /* Build configuration list for PBXNativeTarget "HoneyHubUITests" */;
			buildPhases = (
				5A66FD2A7E129F4C452FE801 /* Sources */,
				1E8732C1229D131E11BF9CB6 /* Frameworks */,
				C402BE5540F91E2A4F32AC8A /* Resources */,
			);
			buildRules = (
			);
			dependencies = (
				E03F36B688B18F8F7DFAE66F /* PBXTargetDependency */,
			);
			name = HoneyHubUITests;
			productName = HoneyHubUITests;
			productReference = 6F90ED5D794402F5CA079713 /* HoneyHubUITests.xctest */;
			productType = "com.apple.product-type.bundle.ui-testing";
		};
		BEA4A7942F3070D8009038BE /* HoneyHub */ = {
			isa = PBXNativeTarget;
			buildConfigurationList = BEA4A7A02F3070DA009038BE /* Build configuration list for PBXNativeTarget "HoneyHub" */;
			buildPhases = (
				BEA4A7912F3070D8009038BE /* Sources */,
				BEA4A7922F3070D8009038BE /* Frameworks */,
				BEA4A7932F3070D8009038BE /* Resources */,
			);
			buildRules = (
			);
			dependencies = (
			);
			fileSystemSynchronizedGroups = (
				BEA4A7972F3070D8009038BE /* mushroomHunter */,
			);
			name = HoneyHub;
			packageProductDependencies = (
				BEA4A7B22F30947A009038BE /* FirebaseAnalytics */,
				BEA4A7B42F30947A009038BE /* FirebaseAnalyticsCore */,
				BEA4A7B62F30947A009038BE /* FirebaseAuth */,
				BEA4A7B82F30947A009038BE /* FirebaseCrashlytics */,
				BEA4A7BA2F30947A009038BE /* FirebaseFirestore */,
				BEF0F0F42F50000200123456 /* FirebaseStorage */,
				BEF0F0F22F50000100123456 /* FirebaseMessaging */,
				BE336F542F30B30400EE3FD7 /* GoogleSignIn */,
				BE336F562F30B30400EE3FD7 /* GoogleSignInSwift */,
			);
			productName = mushroomHunter;
			productReference = BEA4A7952F3070D8009038BE /* HoneyHub.app */;
			productType = "com.apple.product-type.application";
		};
/* End PBXNativeTarget section */

/* Begin PBXProject section */
		BEA4A78D2F3070D8009038BE /* Project object */ = {
			isa = PBXProject;
			attributes = {
				BuildIndependentTargetsInParallel = 1;
				LastSwiftUpdateCheck = 2610;
				LastUpgradeCheck = 2610;
				TargetAttributes = {
					5CE82F07271DF55CA700A57E = {
						CreatedOnToolsVersion = 26.1.1;
						TestTargetID = BEA4A7942F3070D8009038BE;
					};
					BEA4A7942F3070D8009038BE = {
						CreatedOnToolsVersion = 26.1.1;
					};
				};
			};
			buildConfigurationList = BEA4A7902F3070D8009038BE /* Build configuration list for PBXProject "mushroomHunter" */;
			developmentRegion = en;
			hasScannedForEncodings = 0;
			knownRegions = (
				en,
				Base,
				"zh-Hant",
			);
			mainGroup = BEA4A78C2F3070D8009038BE;
			minimizedProjectReferenceProxies = 1;
			packageReferences = (
				BEA4A7B12F30947A009038BE /* XCRemoteSwiftPackageReference "firebase-ios-sdk" */,
				BE336F532F30B30400EE3FD7 /* XCRemoteSwiftPackageReference "GoogleSignIn-iOS" */,
			);
			preferredProjectObjectVersion = 77;
			productRefGroup = BEA4A7962F3070D8009038BE /* Products */;
			projectDirPath = "";
			projectRoot = "";
			targets = (
				BEA4A7942F3070D8009038BE /* HoneyHub */,
				5CE82F07271DF55CA700A57E /* HoneyHubUITests */,
			);
		};
/* End PBXProject section */

/* Begin PBXResourcesBuildPhase section */
		BEA4A7932F3070D8009038BE /* Resources */ = {
			isa = PBXResourcesBuildPhase;
			buildActionMask = 2147483647;
			files = (
			);
			runOnlyForDeploymentPostprocessing = 0;
		};
		C402BE5540F91E2A4F32AC8A /* Resources */ = {
			isa = PBXResourcesBuildPhase;
			buildActionMask = 2147483647;
			files = (
			);
			runOnlyForDeploymentPostprocessing = 0;
		};
/* End PBXResourcesBuildPhase section */

/* Begin PBXSourcesBuildPhase section */
		5A66FD2A7E129F4C452FE801 /* Sources */ = {
			isa = PBXSourcesBuildPhase;
			buildActionMask = 2147483647;
			files = (
				656C51E472EB689224D98614 /* HoneyHubUITests.swift in Sources */,
			);
			runOnlyForDeploymentPostprocessing = 0;
		};
		BEA4A7912F3070D8009038BE /* Sources */ = {
			isa = PBXSourcesBuildPhase;
			buildActionMask = 2147483647;
			files = (
			);
			runOnlyForDeploymentPostprocessing = 0;
		};
/* End PBXSourcesBuildPhase section */

/* Begin PBXTargetDependency section */
		E03F36B688B18F8F7DFAE66F /* PBXTargetDependency */ = {
			isa = PBXTargetDependency;
			name = HoneyHub;
			target = BEA4A7942F3070D8009038BE /* HoneyHub */;
			targetProxy = 8F29F2E5C6A62A1DAD9C5B57 /* PBXContainerItemProxy */;
		};
/* End PBXTargetDependency section */

/* Begin XCBuildConfiguration section */
		545340524483B6DFED1BD01F /* Debug */ = {
			isa = XCBuildConfiguration;
			buildSettings = {
				CLANG_ENABLE_OBJC_WEAK = NO;
				CODE_SIGN_STYLE = Automatic;
				DEVELOPMENT_TEAM = 4LLX8NSPK5;
				GENERATE_INFOPLIST_FILE = YES;
				INFOPLIST_KEY_CFBundleDisplayName = HoneyHubUITests;
				IPHONEOS_DEPLOYMENT_TARGET = 18.6;
				LD_RUNPATH_SEARCH_PATHS = (
					"$(inherited)",
					"@executable_path/Frameworks",
					"@loader_path/Frameworks",
				);
				PRODUCT_BUNDLE_IDENTIFIER = com.kenyu.mushroomHunterUITests;
				PRODUCT_MODULE_NAME = HoneyHubUITests;
				PRODUCT_NAME = "$(TARGET_NAME)";
				SDKROOT = iphoneos;
				SWIFT_VERSION = 5.0;
				TARGETED_DEVICE_FAMILY = "1,2";
				TEST_TARGET_NAME = HoneyHub;
			};
			name = Debug;
		};
		BEA4A79E2F3070DA009038BE /* Debug */ = {
			isa = XCBuildConfiguration;
			buildSettings = {
				ALWAYS_SEARCH_USER_PATHS = NO;
				ASSETCATALOG_COMPILER_GENERATE_SWIFT_ASSET_SYMBOL_EXTENSIONS = YES;
				CLANG_ANALYZER_NONNULL = YES;
				CLANG_ANALYZER_NUMBER_OBJECT_CONVERSION = YES_AGGRESSIVE;
				CLANG_CXX_LANGUAGE_STANDARD = "gnu++20";
				CLANG_ENABLE_MODULES = YES;
				CLANG_ENABLE_OBJC_ARC = YES;
				CLANG_ENABLE_OBJC_WEAK = YES;
				CLANG_WARN_BLOCK_CAPTURE_AUTORELEASING = YES;
				CLANG_WARN_BOOL_CONVERSION = YES;
				CLANG_WARN_COMMA = YES;
				CLANG_WARN_CONSTANT_CONVERSION = YES;
				CLANG_WARN_DEPRECATED_OBJC_IMPLEMENTATIONS = YES;
				CLANG_WARN_DIRECT_OBJC_ISA_USAGE = YES_ERROR;
				CLANG_WARN_DOCUMENTATION_COMMENTS = YES;
				CLANG_WARN_EMPTY_BODY = YES;
				CLANG_WARN_ENUM_CONVERSION = YES;
				CLANG_WARN_INFINITE_RECURSION = YES;
				CLANG_WARN_INT_CONVERSION = YES;
				CLANG_WARN_NON_LITERAL_NULL_CONVERSION = YES;
				CLANG_WARN_OBJC_IMPLICIT_RETAIN_SELF = YES;
				CLANG_WARN_OBJC_LITERAL_CONVERSION = YES;
				CLANG_WARN_OBJC_ROOT_CLASS = YES_ERROR;
				CLANG_WARN_QUOTED_INCLUDE_IN_FRAMEWORK_HEADER = YES;
				CLANG_WARN_RANGE_LOOP_ANALYSIS = YES;
				CLANG_WARN_STRICT_PROTOTYPES = YES;
				CLANG_WARN_SUSPICIOUS_MOVE = YES;
				CLANG_WARN_UNGUARDED_AVAILABILITY = YES_AGGRESSIVE;
				CLANG_WARN_UNREACHABLE_CODE = YES;
				CLANG_WARN__DUPLICATE_METHOD_MATCH = YES;
				COPY_PHASE_STRIP = NO;
				DEBUG_INFORMATION_FORMAT = dwarf;
				DEVELOPMENT_TEAM = 4LLX8NSPK5;
				ENABLE_STRICT_OBJC_MSGSEND = YES;
				ENABLE_TESTABILITY = YES;
				ENABLE_USER_SCRIPT_SANDBOXING = YES;
				GCC_C_LANGUAGE_STANDARD = gnu17;
				GCC_DYNAMIC_NO_PIC = NO;
				GCC_NO_COMMON_BLOCKS = YES;
				GCC_OPTIMIZATION_LEVEL = 0;
				GCC_PREPROCESSOR_DEFINITIONS = (
					"DEBUG=1",
					"$(inherited)",
				);
				GCC_WARN_64_TO_32_BIT_CONVERSION = YES;
				GCC_WARN_ABOUT_RETURN_TYPE = YES_ERROR;
				GCC_WARN_UNDECLARED_SELECTOR = YES;
				GCC_WARN_UNINITIALIZED_AUTOS = YES_AGGRESSIVE;
				GCC_WARN_UNUSED_FUNCTION = YES;
				GCC_WARN_UNUSED_VARIABLE = YES;
				IPHONEOS_DEPLOYMENT_TARGET = 26.1;
				LOCALIZATION_PREFERS_STRING_CATALOGS = YES;
				MTL_ENABLE_DEBUG_INFO = INCLUDE_SOURCE;
				MTL_FAST_MATH = YES;
				ONLY_ACTIVE_ARCH = YES;
				SDKROOT = iphoneos;
				SWIFT_ACTIVE_COMPILATION_CONDITIONS = "DEBUG $(inherited)";
				SWIFT_OPTIMIZATION_LEVEL = "-Onone";
			};
			name = Debug;
		};
		BEA4A79F2F3070DA009038BE /* Release */ = {
			isa = XCBuildConfiguration;
			buildSettings = {
				ALWAYS_SEARCH_USER_PATHS = NO;
				ASSETCATALOG_COMPILER_GENERATE_SWIFT_ASSET_SYMBOL_EXTENSIONS = YES;
				CLANG_ANALYZER_NONNULL = YES;
				CLANG_ANALYZER_NUMBER_OBJECT_CONVERSION = YES_AGGRESSIVE;
				CLANG_CXX_LANGUAGE_STANDARD = "gnu++20";
				CLANG_ENABLE_MODULES = YES;
				CLANG_ENABLE_OBJC_ARC = YES;
				CLANG_ENABLE_OBJC_WEAK = YES;
				CLANG_WARN_BLOCK_CAPTURE_AUTORELEASING = YES;
				CLANG_WARN_BOOL_CONVERSION = YES;
				CLANG_WARN_COMMA = YES;
				CLANG_WARN_CONSTANT_CONVERSION = YES;
				CLANG_WARN_DEPRECATED_OBJC_IMPLEMENTATIONS = YES;
				CLANG_WARN_DIRECT_OBJC_ISA_USAGE = YES_ERROR;
				CLANG_WARN_DOCUMENTATION_COMMENTS = YES;
				CLANG_WARN_EMPTY_BODY = YES;
				CLANG_WARN_ENUM_CONVERSION = YES;
				CLANG_WARN_INFINITE_RECURSION = YES;
				CLANG_WARN_INT_CONVERSION = YES;
				CLANG_WARN_NON_LITERAL_NULL_CONVERSION = YES;
				CLANG_WARN_OBJC_IMPLICIT_RETAIN_SELF = YES;
				CLANG_WARN_OBJC_LITERAL_CONVERSION = YES;
				CLANG_WARN_OBJC_ROOT_CLASS = YES_ERROR;
				CLANG_WARN_QUOTED_INCLUDE_IN_FRAMEWORK_HEADER = YES;
				CLANG_WARN_RANGE_LOOP_ANALYSIS = YES;
				CLANG_WARN_STRICT_PROTOTYPES = YES;
				CLANG_WARN_SUSPICIOUS_MOVE = YES;
				CLANG_WARN_UNGUARDED_AVAILABILITY = YES_AGGRESSIVE;
				CLANG_WARN_UNREACHABLE_CODE = YES;
				CLANG_WARN__DUPLICATE_METHOD_MATCH = YES;
				COPY_PHASE_STRIP = NO;
				DEBUG_INFORMATION_FORMAT = "dwarf-with-dsym";
				DEVELOPMENT_TEAM = 4LLX8NSPK5;
				ENABLE_NS_ASSERTIONS = NO;
				ENABLE_STRICT_OBJC_MSGSEND = YES;
				ENABLE_USER_SCRIPT_SANDBOXING = YES;
				GCC_C_LANGUAGE_STANDARD = gnu17;
				GCC_NO_COMMON_BLOCKS = YES;
				GCC_WARN_64_TO_32_BIT_CONVERSION = YES;
				GCC_WARN_ABOUT_RETURN_TYPE = YES_ERROR;
				GCC_WARN_UNDECLARED_SELECTOR = YES;
				GCC_WARN_UNINITIALIZED_AUTOS = YES_AGGRESSIVE;
				GCC_WARN_UNUSED_FUNCTION = YES;
				GCC_WARN_UNUSED_VARIABLE = YES;
				IPHONEOS_DEPLOYMENT_TARGET = 26.1;
				LOCALIZATION_PREFERS_STRING_CATALOGS = YES;
				MTL_ENABLE_DEBUG_INFO = NO;
				MTL_FAST_MATH = YES;
				SDKROOT = iphoneos;
				SWIFT_COMPILATION_MODE = wholemodule;
				VALIDATE_PRODUCT = YES;
			};
			name = Release;
		};
		BEA4A7A12F3070DA009038BE /* Debug */ = {
			isa = XCBuildConfiguration;
			buildSettings = {
				ASSETCATALOG_COMPILER_APPICON_NAME = AppIcon;
				ASSETCATALOG_COMPILER_GLOBAL_ACCENT_COLOR_NAME = AccentColor;
				CODE_SIGN_ENTITLEMENTS = mushroomHunter/mushroomHunter.entitlements;
				CODE_SIGN_IDENTITY = "Apple Development";
				CODE_SIGN_STYLE = Automatic;
				CURRENT_PROJECT_VERSION = 1;
				DEVELOPMENT_TEAM = 4LLX8NSPK5;
				ENABLE_PREVIEWS = YES;
				GENERATE_INFOPLIST_FILE = YES;
				INFOPLIST_FILE = Info.plist;
				INFOPLIST_KEY_UIApplicationSceneManifest_Generation = YES;
				INFOPLIST_KEY_UIApplicationSupportsIndirectInputEvents = YES;
				INFOPLIST_KEY_UILaunchScreen_Generation = YES;
				INFOPLIST_KEY_UISupportedInterfaceOrientations_iPad = "UIInterfaceOrientationPortrait UIInterfaceOrientationPortraitUpsideDown UIInterfaceOrientationLandscapeLeft UIInterfaceOrientationLandscapeRight";
				INFOPLIST_KEY_UISupportedInterfaceOrientations_iPhone = "UIInterfaceOrientationPortrait UIInterfaceOrientationLandscapeLeft UIInterfaceOrientationLandscapeRight";
				IPHONEOS_DEPLOYMENT_TARGET = 18.6;
				LD_RUNPATH_SEARCH_PATHS = (
					"$(inherited)",
					"@executable_path/Frameworks",
				);
				MARKETING_VERSION = 1.2;
				PRODUCT_BUNDLE_IDENTIFIER = com.kenyu.mushroomHunter;
				PRODUCT_NAME = "$(TARGET_NAME)";
				PROVISIONING_PROFILE_SPECIFIER = "";
				STRING_CATALOG_GENERATE_SYMBOLS = YES;
				SWIFT_APPROACHABLE_CONCURRENCY = YES;
				SWIFT_DEFAULT_ACTOR_ISOLATION = MainActor;
				SWIFT_EMIT_LOC_STRINGS = YES;
				SWIFT_UPCOMING_FEATURE_MEMBER_IMPORT_VISIBILITY = YES;
				SWIFT_VERSION = 5.0;
				TARGETED_DEVICE_FAMILY = "1,2";
			};
			name = Debug;
		};
		BEA4A7A22F3070DA009038BE /* Release */ = {
			isa = XCBuildConfiguration;
			buildSettings = {
				ASSETCATALOG_COMPILER_APPICON_NAME = AppIcon;
				ASSETCATALOG_COMPILER_GLOBAL_ACCENT_COLOR_NAME = AccentColor;
				CODE_SIGN_ENTITLEMENTS = mushroomHunter/mushroomHunter.entitlements;
				CODE_SIGN_IDENTITY = "Apple Development";
				CODE_SIGN_STYLE = Automatic;
				CURRENT_PROJECT_VERSION = 1;
				DEVELOPMENT_TEAM = 4LLX8NSPK5;
				ENABLE_PREVIEWS = YES;
				GENERATE_INFOPLIST_FILE = YES;
				INFOPLIST_FILE = Info.plist;
				INFOPLIST_KEY_UIApplicationSceneManifest_Generation = YES;
				INFOPLIST_KEY_UIApplicationSupportsIndirectInputEvents = YES;
				INFOPLIST_KEY_UILaunchScreen_Generation = YES;
				INFOPLIST_KEY_UISupportedInterfaceOrientations_iPad = "UIInterfaceOrientationPortrait UIInterfaceOrientationPortraitUpsideDown UIInterfaceOrientationLandscapeLeft UIInterfaceOrientationLandscapeRight";
				INFOPLIST_KEY_UISupportedInterfaceOrientations_iPhone = "UIInterfaceOrientationPortrait UIInterfaceOrientationLandscapeLeft UIInterfaceOrientationLandscapeRight";
				IPHONEOS_DEPLOYMENT_TARGET = 18.6;
				LD_RUNPATH_SEARCH_PATHS = (
					"$(inherited)",
					"@executable_path/Frameworks",
				);
				MARKETING_VERSION = 1.2;
				PRODUCT_BUNDLE_IDENTIFIER = com.kenyu.mushroomHunter;
				PRODUCT_NAME = "$(TARGET_NAME)";
				PROVISIONING_PROFILE_SPECIFIER = "";
				STRING_CATALOG_GENERATE_SYMBOLS = YES;
				SWIFT_APPROACHABLE_CONCURRENCY = YES;
				SWIFT_DEFAULT_ACTOR_ISOLATION = MainActor;
				SWIFT_EMIT_LOC_STRINGS = YES;
				SWIFT_UPCOMING_FEATURE_MEMBER_IMPORT_VISIBILITY = YES;
				SWIFT_VERSION = 5.0;
				TARGETED_DEVICE_FAMILY = "1,2";
			};
			name = Release;
		};
		F3E70F30139AA1C3B234CE98 /* Release */ = {
			isa = XCBuildConfiguration;
			buildSettings = {
				CLANG_ENABLE_OBJC_WEAK = NO;
				CODE_SIGN_STYLE = Automatic;
				DEVELOPMENT_TEAM = 4LLX8NSPK5;
				GENERATE_INFOPLIST_FILE = YES;
				INFOPLIST_KEY_CFBundleDisplayName = HoneyHubUITests;
				IPHONEOS_DEPLOYMENT_TARGET = 18.6;
				LD_RUNPATH_SEARCH_PATHS = (
					"$(inherited)",
					"@executable_path/Frameworks",
					"@loader_path/Frameworks",
				);
				PRODUCT_BUNDLE_IDENTIFIER = com.kenyu.mushroomHunterUITests;
				PRODUCT_MODULE_NAME = HoneyHubUITests;
				PRODUCT_NAME = "$(TARGET_NAME)";
				SDKROOT = iphoneos;
				SWIFT_VERSION = 5.0;
				TARGETED_DEVICE_FAMILY = "1,2";
				TEST_TARGET_NAME = HoneyHub;
				VALIDATE_PRODUCT = YES;
			};
			name = Release;
		};
/* End XCBuildConfiguration section */

/* Begin XCConfigurationList section */
		738F0242675CF71365F1D3CE /* Build configuration list for PBXNativeTarget "HoneyHubUITests" */ = {
			isa = XCConfigurationList;
			buildConfigurations = (
				F3E70F30139AA1C3B234CE98 /* Release */,
				545340524483B6DFED1BD01F /* Debug */,
			);
			defaultConfigurationIsVisible = 0;
			defaultConfigurationName = Release;
		};
		BEA4A7902F3070D8009038BE /* Build configuration list for PBXProject "mushroomHunter" */ = {
			isa = XCConfigurationList;
			buildConfigurations = (
				BEA4A79E2F3070DA009038BE /* Debug */,
				BEA4A79F2F3070DA009038BE /* Release */,
			);
			defaultConfigurationIsVisible = 0;
			defaultConfigurationName = Release;
		};
		BEA4A7A02F3070DA009038BE /* Build configuration list for PBXNativeTarget "HoneyHub" */ = {
			isa = XCConfigurationList;
			buildConfigurations = (
				BEA4A7A12F3070DA009038BE /* Debug */,
				BEA4A7A22F3070DA009038BE /* Release */,
			);
			defaultConfigurationIsVisible = 0;
			defaultConfigurationName = Release;
		};
/* End XCConfigurationList section */

/* Begin XCRemoteSwiftPackageReference section */
		BE336F532F30B30400EE3FD7 /* XCRemoteSwiftPackageReference "GoogleSignIn-iOS" */ = {
			isa = XCRemoteSwiftPackageReference;
			repositoryURL = "https://github.com/google/GoogleSignIn-iOS";
			requirement = {
				kind = upToNextMajorVersion;
				minimumVersion = 9.1.0;
			};
		};
		BEA4A7B12F30947A009038BE /* XCRemoteSwiftPackageReference "firebase-ios-sdk" */ = {
			isa = XCRemoteSwiftPackageReference;
			repositoryURL = "https://github.com/firebase/firebase-ios-sdk";
			requirement = {
				kind = upToNextMajorVersion;
				minimumVersion = 12.8.0;
			};
		};
/* End XCRemoteSwiftPackageReference section */

/* Begin XCSwiftPackageProductDependency section */
		BE336F542F30B30400EE3FD7 /* GoogleSignIn */ = {
			isa = XCSwiftPackageProductDependency;
			package = BE336F532F30B30400EE3FD7 /* XCRemoteSwiftPackageReference "GoogleSignIn-iOS" */;
			productName = GoogleSignIn;
		};
		BE336F562F30B30400EE3FD7 /* GoogleSignInSwift */ = {
			isa = XCSwiftPackageProductDependency;
			package = BE336F532F30B30400EE3FD7 /* XCRemoteSwiftPackageReference "GoogleSignIn-iOS" */;
			productName = GoogleSignInSwift;
		};
		BEA4A7B22F30947A009038BE /* FirebaseAnalytics */ = {
			isa = XCSwiftPackageProductDependency;
			package = BEA4A7B12F30947A009038BE /* XCRemoteSwiftPackageReference "firebase-ios-sdk" */;
			productName = FirebaseAnalytics;
		};
		BEA4A7B42F30947A009038BE /* FirebaseAnalyticsCore */ = {
			isa = XCSwiftPackageProductDependency;
			package = BEA4A7B12F30947A009038BE /* XCRemoteSwiftPackageReference "firebase-ios-sdk" */;
			productName = FirebaseAnalyticsCore;
		};
		BEA4A7B62F30947A009038BE /* FirebaseAuth */ = {
			isa = XCSwiftPackageProductDependency;
			package = BEA4A7B12F30947A009038BE /* XCRemoteSwiftPackageReference "firebase-ios-sdk" */;
			productName = FirebaseAuth;
		};
		BEA4A7B82F30947A009038BE /* FirebaseCrashlytics */ = {
			isa = XCSwiftPackageProductDependency;
			package = BEA4A7B12F30947A009038BE /* XCRemoteSwiftPackageReference "firebase-ios-sdk" */;
			productName = FirebaseCrashlytics;
		};
		BEA4A7BA2F30947A009038BE /* FirebaseFirestore */ = {
			isa = XCSwiftPackageProductDependency;
			package = BEA4A7B12F30947A009038BE /* XCRemoteSwiftPackageReference "firebase-ios-sdk" */;
			productName = FirebaseFirestore;
		};
		BEF0F0F22F50000100123456 /* FirebaseMessaging */ = {
			isa = XCSwiftPackageProductDependency;
			package = BEA4A7B12F30947A009038BE /* XCRemoteSwiftPackageReference "firebase-ios-sdk" */;
			productName = FirebaseMessaging;
		};
		BEF0F0F42F50000200123456 /* FirebaseStorage */ = {
			isa = XCSwiftPackageProductDependency;
			package = BEA4A7B12F30947A009038BE /* XCRemoteSwiftPackageReference "firebase-ios-sdk" */;
			productName = FirebaseStorage;
		};
/* End XCSwiftPackageProductDependency section */
	};
	rootObject = BEA4A78D2F3070D8009038BE /* Project object */;
}
